# THIS IS AN AUTOGENERATED FILE. DO NOT EDIT THIS FILE DIRECTLY.
# yarn lockfile v1


tailwindcss@^4.3.1:
  version "4.3.1"
  resolved "https://registry.yarnpkg.com/tailwindcss/-/tailwindcss-4.3.1.tgz#78ee06f6186bc8fb9603f8083eb703dc7dd96a10"
  integrity sha512-hk+TB1m+K8CYNrP6rjQaq/Y+4Zylwpa87mLYBKCunwnnQ9p+fHb7kmSfGqyEJoxF/O6CDyABWVFEafNSYKll+Q==
